// !$*UTF8*$!
{
	archiveVersion = 1;
	classes = {
	};
	objectVersion = 50;
	objects = {

/* Begin PBXBuildFile section */
		3194A461255575670084BAC9 /* AppDelegate.swift in Sources */ = {isa = PBXBuildFile; fileRef = 3194A460255575670084BAC9 /* AppDelegate.swift */; };
		3194A463255575670084BAC9 /* SceneDelegate.swift in Sources */ = {isa = PBXBuildFile; fileRef = 3194A462255575670084BAC9 /* SceneDelegate.swift */; };
		3194A465255575670084BAC9 /* RootViewController.swift in Sources */ = {isa = PBXBuildFile; fileRef = 3194A464255575670084BAC9 /* RootViewController.swift */; };
		3194A46A255575670084BAC9 /* Assets.xcassets in Resources */ = {isa = PBXBuildFile; fileRef = 3194A469255575670084BAC9 /* Assets.xcassets */; };
		3194A46D255575670084BAC9 /* LaunchScreen.storyboard in Resources */ = {isa = PBXBuildFile; fileRef = 3194A46B255575670084BAC9 /* LaunchScreen.storyboard */; };
		3194A47A255578BA0084BAC9 /* MenuViewController.swift in Sources */ = {isa = PBXBuildFile; fileRef = 3194A479255578BA0084BAC9 /* MenuViewController.swift */; };
		3194A4802555800D0084BAC9 /* SideMenuPresenter.swift in Sources */ = {isa = PBXBuildFile; fileRef = 3194A47F2555800D0084BAC9 /* SideMenuPresenter.swift */; };
		3194A483255580270084BAC9 /* SideMenuPresentTransition.swift in Sources */ = {isa = PBXBuildFile; fileRef = 3194A482255580270084BAC9 /* SideMenuPresentTransition.swift */; };
		3194A4862555803C0084BAC9 /* SideMenuDismissTransition.swift in Sources */ = {isa = PBXBuildFile; fileRef = 3194A4852555803C0084BAC9 /* SideMenuDismissTransition.swift */; };
		3194A49625558E260084BAC9 /* SideMenuAnimator.swift in Sources */ = {isa = PBXBuildFile; fileRef = 3194A49525558E260084BAC9 /* SideMenuAnimator.swift */; };
/* End PBXBuildFile section */

/* Begin PBXFileReference section */
		3194A45D255575670084BAC9 /* SideMenuTransition.app */ = {isa = PBXFileReference; explicitFileType = wrapper.application; includeInIndex = 0; path = SideMenuTransition.app; sourceTree = BUILT_PRODUCTS_DIR; };
		3194A460255575670084BAC9 /* AppDelegate.swift */ = {isa = PBXFileReference; lastKnownFileType = sourcecode.swift; path = AppDelegate.swift; sourceTree = "<group>"; };
		3194A462255575670084BAC9 /* SceneDelegate.swift */ = {isa = PBXFileReference; lastKnownFileType = sourcecode.swift; path = SceneDelegate.swift; sourceTree = "<group>"; };
		3194A464255575670084BAC9 /* RootViewController.swift */ = {isa = PBXFileReference; lastKnownFileType = sourcecode.swift; path = RootViewController.swift; sourceTree = "<group>"; };
		3194A469255575670084BAC9 /* Assets.xcassets */ = {isa = PBXFileReference; lastKnownFileType = folder.assetcatalog; path = Assets.xcassets; sourceTree = "<group>"; };
		3194A46C255575670084BAC9 /* Base */ = {isa = PBXFileReference; lastKnownFileType = file.storyboard; name = Base; path = Base.lproj/LaunchScreen.storyboard; sourceTree = "<group>"; };
		3194A46E255575670084BAC9 /* Info.plist */ = {isa = PBXFileReference; lastKnownFileType = text.plist.xml; path = Info.plist; sourceTree = "<group>"; };
		3194A479255578BA0084BAC9 /* MenuViewController.swift */ = {isa = PBXFileReference; lastKnownFileType = sourcecode.swift; path = MenuViewController.swift; sourceTree = "<group>"; };
		3194A47F2555800D0084BAC9 /* SideMenuPresenter.swift */ = {isa = PBXFileReference; lastKnownFileType = sourcecode.swift; path = SideMenuPresenter.swift; sourceTree = "<group>"; };
		3194A482255580270084BAC9 /* SideMenuPresentTransition.swift */ = {isa = PBXFileReference; lastKnownFileType = sourcecode.swift; path = SideMenuPresentTransition.swift; sourceTree = "<group>"; };
		3194A4852555803C0084BAC9 /* SideMenuDismissTransition.swift */ = {isa = PBXFileReference; lastKnownFileType = sourcecode.swift; path = SideMenuDismissTransition.swift; sourceTree = "<group>"; };
		3194A49525558E260084BAC9 /* SideMenuAnimator.swift */ = {isa = PBXFileReference; lastKnownFileType = sourcecode.swift; path = SideMenuAnimator.swift; sourceTree = "<group>"; };
/* End PBXFileReference section */

/* Begin PBXFrameworksBuildPhase section */
		3194A45A255575670084BAC9 /* Frameworks */ = {
			isa = PBXFrameworksBuildPhase;
			buildActionMask = 2147483647;
			files = (
			);
			runOnlyForDeploymentPostprocessing = 0;
		};
/* End PBXFrameworksBuildPhase section */

/* Begin PBXGroup section */
		3194A454255575670084BAC9 = {
			isa = PBXGroup;
			children = (
				3194A45F255575670084BAC9 /* SideMenuTransition */,
				3194A45E255575670084BAC9 /* Products */,
			);
			indentWidth = 2;
			sourceTree = "<group>";
			tabWidth = 2;
		};
		3194A45E255575670084BAC9 /* Products */ = {
			isa = PBXGroup;
			children = (
				3194A45D255575670084BAC9 /* SideMenuTransition.app */,
			);
			name = Products;
			sourceTree = "<group>";
		};
		3194A45F255575670084BAC9 /* SideMenuTransition */ = {
			isa = PBXGroup;
			children = (
				3194A460255575670084BAC9 /* AppDelegate.swift */,
				3194A469255575670084BAC9 /* Assets.xcassets */,
				3194A46E255575670084BAC9 /* Info.plist */,
				3194A46B255575670084BAC9 /* LaunchScreen.storyboard */,
				3194A479255578BA0084BAC9 /* MenuViewController.swift */,
				3194A464255575670084BAC9 /* RootViewController.swift */,
				3194A462255575670084BAC9 /* SceneDelegate.swift */,
				3194A49525558E260084BAC9 /* SideMenuAnimator.swift */,
				3194A4852555803C0084BAC9 /* SideMenuDismissTransition.swift */,
				3194A47F2555800D0084BAC9 /* SideMenuPresenter.swift */,
				3194A482255580270084BAC9 /* SideMenuPresentTransition.swift */,
			);
			path = SideMenuTransition;
			sourceTree = "<group>";
		};
/* End PBXGroup section */

/* Begin PBXNativeTarget section */
		3194A45C255575670084BAC9 /* SideMenuTransition */ = {
			isa = PBXNativeTarget;
			buildConfigurationList = 3194A471255575670084BAC9 /* Build configuration list for PBXNativeTarget "SideMenuTransition" */;
			buildPhases = (
				3194A459255575670084BAC9 /* Sources */,
				3194A45A255575670084BAC9 /* Frameworks */,
				3194A45B255575670084BAC9 /* Resources */,
			);
			buildRules = (
			);
			dependencies = (
			);
			name = SideMenuTransition;
			productName = SideMenuTransition;
			productReference = 3194A45D255575670084BAC9 /* SideMenuTransition.app */;
			productType = "com.apple.product-type.application";
		};
/* End PBXNativeTarget section */

/* Begin PBXProject section */
		3194A455255575670084BAC9 /* Project object */ = {
			isa = PBXProject;
			attributes = {
				LastSwiftUpdateCheck = 1220;
				LastUpgradeCheck = 1220;
				TargetAttributes = {
					3194A45C255575670084BAC9 = {
						CreatedOnToolsVersion = 12.2;
					};
				};
			};
			buildConfigurationList = 3194A458255575670084BAC9 /* Build configuration list for PBXProject "SideMenuTransition" */;
			compatibilityVersion = "Xcode 9.3";
			developmentRegion = en;
			hasScannedForEncodings = 0;
			knownRegions = (
				en,
				Base,
			);
			mainGroup = 3194A454255575670084BAC9;
			productRefGroup = 3194A45E255575670084BAC9 /* Products */;
			projectDirPath = "";
			projectRoot = "";
			targets = (
				3194A45C255575670084BAC9 /* SideMenuTransition */,
			);
		};
/* End PBXProject section */

/* Begin PBXResourcesBuildPhase section */
		3194A45B255575670084BAC9 /* Resources */ = {
			isa = PBXResourcesBuildPhase;
			buildActionMask = 2147483647;
			files = (
				3194A46D255575670084BAC9 /* LaunchScreen.storyboard in Resources */,
				3194A46A255575670084BAC9 /* Assets.xcassets in Resources */,
			);
			runOnlyForDeploymentPostprocessing = 0;
		};
/* End PBXResourcesBuildPhase section */

/* Begin PBXSourcesBuildPhase section */
		3194A459255575670084BAC9 /* Sources */ = {
			isa = PBXSourcesBuildPhase;
			buildActionMask = 2147483647;
			files = (
				3194A465255575670084BAC9 /* RootViewController.swift in Sources */,
				3194A4802555800D0084BAC9 /* SideMenuPresenter.swift in Sources */,
				3194A461255575670084BAC9 /* AppDelegate.swift in Sources */,
				3194A463255575670084BAC9 /* SceneDelegate.swift in Sources */,
				3194A483255580270084BAC9 /* SideMenuPresentTransition.swift in Sources */,
				3194A4862555803C0084BAC9 /* SideMenuDismissTransition.swift in Sources */,
				3194A49625558E260084BAC9 /* SideMenuAnimator.swift in Sources */,
				3194A47A255578BA0084BAC9 /* MenuViewController.swift in Sources */,
			);
			runOnlyForDeploymentPostprocessing = 0;
		};
/* End PBXSourcesBuildPhase section */

/* Begin PBXVariantGroup section */
		3194A46B255575670084BAC9 /* LaunchScreen.storyboard */ = {
			isa = PBXVariantGroup;
			children = (
				3194A46C255575670084BAC9 /* Base */,
			);
			name = LaunchScreen.storyboard;
			sourceTree = "<group>";
		};
/* End PBXVariantGroup section */

/* Begin XCBuildConfiguration section */
		3194A46F255575670084BAC9 /* Debug */ = {
			isa = XCBuildConfiguration;
			buildSettings = {
				ALWAYS_SEARCH_USER_PATHS = NO;
				CLANG_ANALYZER_NONNULL = YES;
				CLANG_ANALYZER_NUMBER_OBJECT_CONVERSION = YES_AGGRESSIVE;
				CLANG_CXX_LANGUAGE_STANDARD = "gnu++14";
				CLANG_CXX_LIBRARY = "libc++";
				CLANG_ENABLE_MODULES = YES;
				CLANG_ENABLE_OBJC_ARC = YES;
				CLANG_ENABLE_OBJC_WEAK = YES;
				CLANG_WARN_BLOCK_CAPTURE_AUTORELEASING = YES;
				CLANG_WARN_BOOL_CONVERSION = YES;
				CLANG_WARN_COMMA = YES;
				CLANG_WARN_CONSTANT_CONVERSION = YES;
				CLANG_WARN_DEPRECATED_OBJC_IMPLEMENTATIONS = YES;
				CLANG_WARN_DIRECT_OBJC_ISA_USAGE = YES_ERROR;
				CLANG_WARN_DOCUMENTATION_COMMENTS = YES;
				CLANG_WARN_EMPTY_BODY = YES;
				CLANG_WARN_ENUM_CONVERSION = YES;
				CLANG_WARN_INFINITE_RECURSION = YES;
				CLANG_WARN_INT_CONVERSION = YES;
				CLANG_WARN_NON_LITERAL_NULL_CONVERSION = YES;
				CLANG_WARN_OBJC_IMPLICIT_RETAIN_SELF = YES;
				CLANG_WARN_OBJC_LITERAL_CONVERSION = YES;
				CLANG_WARN_OBJC_ROOT_CLASS = YES_ERROR;
				CLANG_WARN_QUOTED_INCLUDE_IN_FRAMEWORK_HEADER = YES;
				CLANG_WARN_RANGE_LOOP_ANALYSIS = YES;
				CLANG_WARN_STRICT_PROTOTYPES = YES;
				CLANG_WARN_SUSPICIOUS_MOVE = YES;
				CLANG_WARN_UNGUARDED_AVAILABILITY = YES_AGGRESSIVE;
				CLANG_WARN_UNREACHABLE_CODE = YES;
				CLANG_WARN__DUPLICATE_METHOD_MATCH = YES;
				COPY_PHASE_STRIP = NO;
				CURRENT_PROJECT_VERSION = 0;
				DEBUG_INFORMATION_FORMAT = dwarf;
				ENABLE_STRICT_OBJC_MSGSEND = YES;
				ENABLE_TESTABILITY = YES;
				GCC_C_LANGUAGE_STANDARD = gnu11;
				GCC_DYNAMIC_NO_PIC = NO;
				GCC_NO_COMMON_BLOCKS = YES;
				GCC_OPTIMIZATION_LEVEL = 0;
				GCC_PREPROCESSOR_DEFINITIONS = (
					"DEBUG=1",
					"$(inherited)",
				);
				GCC_WARN_64_TO_32_BIT_CONVERSION = YES;
				GCC_WARN_ABOUT_RETURN_TYPE = YES_ERROR;
				GCC_WARN_UNDECLARED_SELECTOR = YES;
				GCC_WARN_UNINITIALIZED_AUTOS = YES_AGGRESSIVE;
				GCC_WARN_UNUSED_FUNCTION = YES;
				GCC_WARN_UNUSED_VARIABLE = YES;
				IPHONEOS_DEPLOYMENT_TARGET = 13.0;
				MARKETING_VERSION = 1.0.0;
				MTL_ENABLE_DEBUG_INFO = INCLUDE_SOURCE;
				MTL_FAST_MATH = YES;
				ONLY_ACTIVE_ARCH = YES;
				SDKROOT = iphoneos;
				SWIFT_ACTIVE_COMPILATION_CONDITIONS = DEBUG;
				SWIFT_OPTIMIZATION_LEVEL = "-Onone";
			};
			name = Debug;
		};
		3194A470255575670084BAC9 /* Release */ = {
			isa = XCBuildConfiguration;
			buildSettings = {
				ALWAYS_SEARCH_USER_PATHS = NO;
				CLANG_ANALYZER_NONNULL = YES;
				CLANG_ANALYZER_NUMBER_OBJECT_CONVERSION = YES_AGGRESSIVE;
				CLANG_CXX_LANGUAGE_STANDARD = "gnu++14";
				CLANG_CXX_LIBRARY = "libc++";
				CLANG_ENABLE_MODULES = YES;
				CLANG_ENABLE_OBJC_ARC = YES;
				CLANG_ENABLE_OBJC_WEAK = YES;
				CLANG_WARN_BLOCK_CAPTURE_AUTORELEASING = YES;
				CLANG_WARN_BOOL_CONVERSION = YES;
				CLANG_WARN_COMMA = YES;
				CLANG_WARN_CONSTANT_CONVERSION = YES;
				CLANG_WARN_DEPRECATED_OBJC_IMPLEMENTATIONS = YES;
				CLANG_WARN_DIRECT_OBJC_ISA_USAGE = YES_ERROR;
				CLANG_WARN_DOCUMENTATION_COMMENTS = YES;
				CLANG_WARN_EMPTY_BODY = YES;
				CLANG_WARN_ENUM_CONVERSION = YES;
				CLANG_WARN_INFINITE_RECURSION = YES;
				CLANG_WARN_INT_CONVERSION = YES;
				CLANG_WARN_NON_LITERAL_NULL_CONVERSION = YES;
				CLANG_WARN_OBJC_IMPLICIT_RETAIN_SELF = YES;
				CLANG_WARN_OBJC_LITERAL_CONVERSION = YES;
				CLANG_WARN_OBJC_ROOT_CLASS = YES_ERROR;
				CLANG_WARN_QUOTED_INCLUDE_IN_FRAMEWORK_HEADER = YES;
				CLANG_WARN_RANGE_LOOP_ANALYSIS = YES;
				CLANG_WARN_STRICT_PROTOTYPES = YES;
				CLANG_WARN_SUSPICIOUS_MOVE = YES;
				CLANG_WARN_UNGUARDED_AVAILABILITY = YES_AGGRESSIVE;
				CLANG_WARN_UNREACHABLE_CODE = YES;
				CLANG_WARN__DUPLICATE_METHOD_MATCH = YES;
				COPY_PHASE_STRIP = NO;
				CURRENT_PROJECT_VERSION = 0;
				DEBUG_INFORMATION_FORMAT = "dwarf-with-dsym";
				ENABLE_NS_ASSERTIONS = NO;
				ENABLE_STRICT_OBJC_MSGSEND = YES;
				GCC_C_LANGUAGE_STANDARD = gnu11;
				GCC_NO_COMMON_BLOCKS = YES;
				GCC_WARN_64_TO_32_BIT_CONVERSION = YES;
				GCC_WARN_ABOUT_RETURN_TYPE = YES_ERROR;
				GCC_WARN_UNDECLARED_SELECTOR = YES;
				GCC_WARN_UNINITIALIZED_AUTOS = YES_AGGRESSIVE;
				GCC_WARN_UNUSED_FUNCTION = YES;
				GCC_WARN_UNUSED_VARIABLE = YES;
				IPHONEOS_DEPLOYMENT_TARGET = 13.0;
				MARKETING_VERSION = 1.0.0;
				MTL_ENABLE_DEBUG_INFO = NO;
				MTL_FAST_MATH = YES;
				SDKROOT = iphoneos;
				SWIFT_COMPILATION_MODE = wholemodule;
				SWIFT_OPTIMIZATION_LEVEL = "-O";
				VALIDATE_PRODUCT = YES;
			};
			name = Release;
		};
		3194A472255575670084BAC9 /* Debug */ = {
			isa = XCBuildConfiguration;
			buildSettings = {
				ASSETCATALOG_COMPILER_APPICON_NAME = AppIcon;
				ASSETCATALOG_COMPILER_GLOBAL_ACCENT_COLOR_NAME = AccentColor;
				CODE_SIGN_STYLE = Automatic;
				INFOPLIST_FILE = SideMenuTransition/Info.plist;
				LD_RUNPATH_SEARCH_PATHS = (
					"$(inherited)",
					"@executable_path/Frameworks",
				);
				PRODUCT_BUNDLE_IDENTIFIER = pl.darrarski.SideMenuTransition;
				PRODUCT_NAME = "$(TARGET_NAME)";
				SWIFT_VERSION = 5.0;
				TARGETED_DEVICE_FAMILY = 1;
			};
			name = Debug;
		};
		3194A473255575670084BAC9 /* Release */ = {
			isa = XCBuildConfiguration;
			buildSettings = {
				ASSETCATALOG_COMPILER_APPICON_NAME = AppIcon;
				ASSETCATALOG_COMPILER_GLOBAL_ACCENT_COLOR_NAME = AccentColor;
				CODE_SIGN_STYLE = Automatic;
				INFOPLIST_FILE = SideMenuTransition/Info.plist;
				LD_RUNPATH_SEARCH_PATHS = (
					"$(inherited)",
					"@executable_path/Frameworks",
				);
				PRODUCT_BUNDLE_IDENTIFIER = pl.darrarski.SideMenuTransition;
				PRODUCT_NAME = "$(TARGET_NAME)";
				SWIFT_VERSION = 5.0;
				TARGETED_DEVICE_FAMILY = 1;
			};
			name = Release;
		};
/* End XCBuildConfiguration section */

/* Begin XCConfigurationList section */
		3194A458255575670084BAC9 /* Build configuration list for PBXProject "SideMenuTransition" */ = {
			isa = XCConfigurationList;
			buildConfigurations = (
				3194A46F255575670084BAC9 /* Debug */,
				3194A470255575670084BAC9 /* Release */,
			);
			defaultConfigurationIsVisible = 0;
			defaultConfigurationName = Release;
		};
		3194A471255575670084BAC9 /* Build configuration list for PBXNativeTarget "SideMenuTransition" */ = {
			isa = XCConfigurationList;
			buildConfigurations = (
				3194A472255575670084BAC9 /* Debug */,
				3194A473255575670084BAC9 /* Release */,
			);
			defaultConfigurationIsVisible = 0;
			defaultConfigurationName = Release;
		};
/* End XCConfigurationList section */
	};
	rootObject = 3194A455255575670084BAC9 /* Project object */;
}
